# THIS IS AN AUTOGENERATED FILE. DO NOT EDIT THIS FILE DIRECTLY.
# yarn lockfile v1


ming-npm-demo-pkg@^1.0.0, ming-npm-demo-pkg@^1.0.1:
  version "1.0.1"
  resolved "https://registry.yarnpkg.com/ming-npm-demo-pkg/-/ming-npm-demo-pkg-1.0.1.tgz#e6c1261174f5b916d100342e4e1481b90fd86d7d"
  dependencies:
    ming-npm-demo-pkg "^1.0.0"
